lockfileVersion: '9.0'

settings:
  autoInstallPeers: true
  excludeLinksFromLockfile: false

importers:

  .:
    dependencies:
      jschardet:
        specifier: ^3.1.4
        version: 3.1.4

packages:

  jschardet@3.1.4:
    resolution: {integrity: sha512-/kmVISmrwVwtyYU40iQUOp3SUPk2dhNCMsZBQX0R1/jZ8maaXJ/oZIzUOiyOqcgtLnETFKYChbJ5iDC/eWmFHg==}
    engines: {node: '>=0.1.90'}

snapshots:

  jschardet@3.1.4: {}
